// !$*UTF8*$!
{
	archiveVersion = 1;
	classes = {
	};
	objectVersion = 46;
	objects = {

/* Begin PBXBuildFile section */
		5F532C42DA60405F9E9E34F3 /* libPods-AdHocInventory.a in Frameworks */ = {isa = PBXBuildFile; fileRef = A4F6515D4F9047208DC5D55B /* libPods-AdHocInventory.a */; };
		8E14C00319A6908E001E67DF /* AudioToolbox.framework in Frameworks */ = {isa = PBXBuildFile; fileRef = 8E14BFFB19A6908E001E67DF /* AudioToolbox.framework */; };
		8E14C00419A6908E001E67DF /* CFNetwork.framework in Frameworks */ = {isa = PBXBuildFile; fileRef = 8E14BFFC19A6908E001E67DF /* CFNetwork.framework */; };
		8E14C00519A6908E001E67DF /* CoreLocation.framework in Frameworks */ = {isa = PBXBuildFile; fileRef = 8E14BFFD19A6908E001E67DF /* CoreLocation.framework */; };
		8E14C00619A6908E001E67DF /* libz.dylib in Frameworks */ = {isa = PBXBuildFile; fileRef = 8E14BFFE19A6908E001E67DF /* libz.dylib */; };
		8E14C00719A6908E001E67DF /* MobileCoreServices.framework in Frameworks */ = {isa = PBXBuildFile; fileRef = 8E14BFFF19A6908E001E67DF /* MobileCoreServices.framework */; };
		8E14C00819A6908E001E67DF /* QuartzCore.framework in Frameworks */ = {isa = PBXBuildFile; fileRef = 8E14C00019A6908E001E67DF /* QuartzCore.framework */; };
		8E14C00919A6908E001E67DF /* StoreKit.framework in Frameworks */ = {isa = PBXBuildFile; fileRef = 8E14C00119A6908E001E67DF /* StoreKit.framework */; };
		8E14C00A19A6908E001E67DF /* SystemConfiguration.framework in Frameworks */ = {isa = PBXBuildFile; fileRef = 8E14C00219A6908E001E67DF /* SystemConfiguration.framework */; };
		8E14C00C19A69382001E67DF /* apiKeys.plist in Resources */ = {isa = PBXBuildFile; fileRef = 8E14C00B19A69382001E67DF /* apiKeys.plist */; };
		8E14C00E19A69473001E67DF /* Social.framework in Frameworks */ = {isa = PBXBuildFile; fileRef = 8E14C00D19A69473001E67DF /* Social.framework */; };
		8E14C01019A694BD001E67DF /* Accounts.framework in Frameworks */ = {isa = PBXBuildFile; fileRef = 8E14C00F19A694BD001E67DF /* Accounts.framework */; };
		8E14C01219A69520001E67DF /* Security.framework in Frameworks */ = {isa = PBXBuildFile; fileRef = 8E14C01119A69520001E67DF /* Security.framework */; };
		8E1B4680199B149B004F3740 /* InventoryItem.m in Sources */ = {isa = PBXBuildFile; fileRef = 8E1B467F199B149B004F3740 /* InventoryItem.m */; };
		8E1B4683199B29C4004F3740 /* ListViewController.m in Sources */ = {isa = PBXBuildFile; fileRef = 8E1B4682199B29C4004F3740 /* ListViewController.m */; };
		8E26F17E19A7AF5700EB9C04 /* ParseDefinitions.m in Sources */ = {isa = PBXBuildFile; fileRef = 8E26F17D19A7AF5700EB9C04 /* ParseDefinitions.m */; };
		8E294404199EF8220010A22A /* ItemViewController.m in Sources */ = {isa = PBXBuildFile; fileRef = 8E294403199EF8220010A22A /* ItemViewController.m */; };
		8E4B35BE1999A53E0083D367 /* Foundation.framework in Frameworks */ = {isa = PBXBuildFile; fileRef = 8E4B35BD1999A53E0083D367 /* Foundation.framework */; };
		8E4B35C01999A53E0083D367 /* CoreGraphics.framework in Frameworks */ = {isa = PBXBuildFile; fileRef = 8E4B35BF1999A53E0083D367 /* CoreGraphics.framework */; };
		8E4B35C21999A53E0083D367 /* UIKit.framework in Frameworks */ = {isa = PBXBuildFile; fileRef = 8E4B35C11999A53E0083D367 /* UIKit.framework */; };
		8E4B35C81999A53E0083D367 /* InfoPlist.strings in Resources */ = {isa = PBXBuildFile; fileRef = 8E4B35C61999A53E0083D367 /* InfoPlist.strings */; };
		8E4B35CA1999A53E0083D367 /* main.m in Sources */ = {isa = PBXBuildFile; fileRef = 8E4B35C91999A53E0083D367 /* main.m */; };
		8E4B35CE1999A53E0083D367 /* AppDelegate.m in Sources */ = {isa = PBXBuildFile; fileRef = 8E4B35CD1999A53E0083D367 /* AppDelegate.m */; };
		8E4B35D11999A53F0083D367 /* Main_iPhone.storyboard in Resources */ = {isa = PBXBuildFile; fileRef = 8E4B35CF1999A53F0083D367 /* Main_iPhone.storyboard */; };
		8E4B35D41999A53F0083D367 /* Main_iPad.storyboard in Resources */ = {isa = PBXBuildFile; fileRef = 8E4B35D21999A53F0083D367 /* Main_iPad.storyboard */; };
		8E4B35D71999A53F0083D367 /* InputViewController.m in Sources */ = {isa = PBXBuildFile; fileRef = 8E4B35D61999A53F0083D367 /* InputViewController.m */; };
		8E4B35DA1999A53F0083D367 /* ScanViewController.m in Sources */ = {isa = PBXBuildFile; fileRef = 8E4B35D91999A53F0083D367 /* ScanViewController.m */; };
		8E4B35DC1999A53F0083D367 /* Images.xcassets in Resources */ = {isa = PBXBuildFile; fileRef = 8E4B35DB1999A53F0083D367 /* Images.xcassets */; };
		8E4B35E31999A53F0083D367 /* XCTest.framework in Frameworks */ = {isa = PBXBuildFile; fileRef = 8E4B35E21999A53F0083D367 /* XCTest.framework */; };
		8E4B35E41999A53F0083D367 /* Foundation.framework in Frameworks */ = {isa = PBXBuildFile; fileRef = 8E4B35BD1999A53E0083D367 /* Foundation.framework */; };
		8E4B35E51999A53F0083D367 /* UIKit.framework in Frameworks */ = {isa = PBXBuildFile; fileRef = 8E4B35C11999A53E0083D367 /* UIKit.framework */; };
		8E4B35ED1999A53F0083D367 /* InfoPlist.strings in Resources */ = {isa = PBXBuildFile; fileRef = 8E4B35EB1999A53F0083D367 /* InfoPlist.strings */; };
		8E4B35EF1999A53F0083D367 /* AdHocInventoryTests.m in Sources */ = {isa = PBXBuildFile; fileRef = 8E4B35EE1999A53F0083D367 /* AdHocInventoryTests.m */; };
		8E4B35FD1999B9F70083D367 /* InventoryDataManager.m in Sources */ = {isa = PBXBuildFile; fileRef = 8E4B35FC1999B9F70083D367 /* InventoryDataManager.m */; };
		8E50A5AA19A2D4490034FF50 /* DismissSegue.m in Sources */ = {isa = PBXBuildFile; fileRef = 8E50A5A919A2D4490034FF50 /* DismissSegue.m */; };
		8E50A5AD19A3959A0034FF50 /* UIColor+RepurposeColors.m in Sources */ = {isa = PBXBuildFile; fileRef = 8E50A5AC19A3959A0034FF50 /* UIColor+RepurposeColors.m */; };
		8E83BEF7199C05D100A08BAE /* UIImage+NonInterpolatedImage.m in Sources */ = {isa = PBXBuildFile; fileRef = 8E83BEF6199C05D100A08BAE /* UIImage+NonInterpolatedImage.m */; };
		8E91C51419B0E6AF003E591E /* SignUpViewController.m in Sources */ = {isa = PBXBuildFile; fileRef = 8E91C51319B0E6AF003E591E /* SignUpViewController.m */; };
		8E91C51E19B0E828003E591E /* HTAutocompleteManager.m in Sources */ = {isa = PBXBuildFile; fileRef = 8E91C51D19B0E828003E591E /* HTAutocompleteManager.m */; };
		8EBE9E5F19AE50320037B356 /* Parse.framework in Frameworks */ = {isa = PBXBuildFile; fileRef = 8EBE9E5E19AE50320037B356 /* Parse.framework */; };
		8EBE9E6119AE50B70037B356 /* Bolts.framework in Frameworks */ = {isa = PBXBuildFile; fileRef = 8EBE9E6019AE50B70037B356 /* Bolts.framework */; };
		8ECD47F3199B0AC800480A4C /* BarcodeGenerator.m in Sources */ = {isa = PBXBuildFile; fileRef = 8ECD47F2199B0AC800480A4C /* BarcodeGenerator.m */; };
/* End PBXBuildFile section */

/* Begin PBXContainerItemProxy section */
		8E4B35E61999A53F0083D367 /* PBXContainerItemProxy */ = {
			isa = PBXContainerItemProxy;
			containerPortal = 8E4B35B21999A53E0083D367 /* Project object */;
			proxyType = 1;
			remoteGlobalIDString = 8E4B35B91999A53E0083D367;
			remoteInfo = AdHocInventory;
		};
/* End PBXContainerItemProxy section */

/* Begin PBXFileReference section */
		8E14BFFB19A6908E001E67DF /* AudioToolbox.framework */ = {isa = PBXFileReference; lastKnownFileType = wrapper.framework; name = AudioToolbox.framework; path = System/Library/Frameworks/AudioToolbox.framework; sourceTree = SDKROOT; };
		8E14BFFC19A6908E001E67DF /* CFNetwork.framework */ = {isa = PBXFileReference; lastKnownFileType = wrapper.framework; name = CFNetwork.framework; path = System/Library/Frameworks/CFNetwork.framework; sourceTree = SDKROOT; };
		8E14BFFD19A6908E001E67DF /* CoreLocation.framework */ = {isa = PBXFileReference; lastKnownFileType = wrapper.framework; name = CoreLocation.framework; path = System/Library/Frameworks/CoreLocation.framework; sourceTree = SDKROOT; };
		8E14BFFE19A6908E001E67DF /* libz.dylib */ = {isa = PBXFileReference; lastKnownFileType = "compiled.mach-o.dylib"; name = libz.dylib; path = usr/lib/libz.dylib; sourceTree = SDKROOT; };
		8E14BFFF19A6908E001E67DF /* MobileCoreServices.framework */ = {isa = PBXFileReference; lastKnownFileType = wrapper.framework; name = MobileCoreServices.framework; path = System/Library/Frameworks/MobileCoreServices.framework; sourceTree = SDKROOT; };
		8E14C00019A6908E001E67DF /* QuartzCore.framework */ = {isa = PBXFileReference; lastKnownFileType = wrapper.framework; name = QuartzCore.framework; path = System/Library/Frameworks/QuartzCore.framework; sourceTree = SDKROOT; };
		8E14C00119A6908E001E67DF /* StoreKit.framework */ = {isa = PBXFileReference; lastKnownFileType = wrapper.framework; name = StoreKit.framework; path = System/Library/Frameworks/StoreKit.framework; sourceTree = SDKROOT; };
		8E14C00219A6908E001E67DF /* SystemConfiguration.framework */ = {isa = PBXFileReference; lastKnownFileType = wrapper.framework; name = SystemConfiguration.framework; path = System/Library/Frameworks/SystemConfiguration.framework; sourceTree = SDKROOT; };
		8E14C00B19A69382001E67DF /* apiKeys.plist */ = {isa = PBXFileReference; fileEncoding = 4; lastKnownFileType = text.plist.xml; path = apiKeys.plist; sourceTree = "<group>"; };
		8E14C00D19A69473001E67DF /* Social.framework */ = {isa = PBXFileReference; lastKnownFileType = wrapper.framework; name = Social.framework; path = System/Library/Frameworks/Social.framework; sourceTree = SDKROOT; };
		8E14C00F19A694BD001E67DF /* Accounts.framework */ = {isa = PBXFileReference; lastKnownFileType = wrapper.framework; name = Accounts.framework; path = System/Library/Frameworks/Accounts.framework; sourceTree = SDKROOT; };
		8E14C01119A69520001E67DF /* Security.framework */ = {isa = PBXFileReference; lastKnownFileType = wrapper.framework; name = Security.framework; path = System/Library/Frameworks/Security.framework; sourceTree = SDKROOT; };
		8E1B467E199B149B004F3740 /* InventoryItem.h */ = {isa = PBXFileReference; fileEncoding = 4; lastKnownFileType = sourcecode.c.h; path = InventoryItem.h; sourceTree = "<group>"; };
		8E1B467F199B149B004F3740 /* InventoryItem.m */ = {isa = PBXFileReference; fileEncoding = 4; lastKnownFileType = sourcecode.c.objc; path = InventoryItem.m; sourceTree = "<group>"; };
		8E1B4681199B29C4004F3740 /* ListViewController.h */ = {isa = PBXFileReference; fileEncoding = 4; lastKnownFileType = sourcecode.c.h; path = ListViewController.h; sourceTree = "<group>"; };
		8E1B4682199B29C4004F3740 /* ListViewController.m */ = {isa = PBXFileReference; fileEncoding = 4; lastKnownFileType = sourcecode.c.objc; path = ListViewController.m; sourceTree = "<group>"; };
		8E26F17C19A7AF5700EB9C04 /* ParseDefinitions.h */ = {isa = PBXFileReference; fileEncoding = 4; lastKnownFileType = sourcecode.c.h; path = ParseDefinitions.h; sourceTree = "<group>"; };
		8E26F17D19A7AF5700EB9C04 /* ParseDefinitions.m */ = {isa = PBXFileReference; fileEncoding = 4; lastKnownFileType = sourcecode.c.objc; path = ParseDefinitions.m; sourceTree = "<group>"; };
		8E294402199EF8220010A22A /* ItemViewController.h */ = {isa = PBXFileReference; fileEncoding = 4; lastKnownFileType = sourcecode.c.h; path = ItemViewController.h; sourceTree = "<group>"; };
		8E294403199EF8220010A22A /* ItemViewController.m */ = {isa = PBXFileReference; fileEncoding = 4; lastKnownFileType = sourcecode.c.objc; path = ItemViewController.m; sourceTree = "<group>"; };
		8E4B35BA1999A53E0083D367 /* AdHocInventory.app */ = {isa = PBXFileReference; explicitFileType = wrapper.application; includeInIndex = 0; path = AdHocInventory.app; sourceTree = BUILT_PRODUCTS_DIR; };
		8E4B35BD1999A53E0083D367 /* Foundation.framework */ = {isa = PBXFileReference; lastKnownFileType = wrapper.framework; name = Foundation.framework; path = System/Library/Frameworks/Foundation.framework; sourceTree = SDKROOT; };
		8E4B35BF1999A53E0083D367 /* CoreGraphics.framework */ = {isa = PBXFileReference; lastKnownFileType = wrapper.framework; name = CoreGraphics.framework; path = System/Library/Frameworks/CoreGraphics.framework; sourceTree = SDKROOT; };
		8E4B35C11999A53E0083D367 /* UIKit.framework */ = {isa = PBXFileReference; lastKnownFileType = wrapper.framework; name = UIKit.framework; path = System/Library/Frameworks/UIKit.framework; sourceTree = SDKROOT; };
		8E4B35C51999A53E0083D367 /* AdHocInventory-Info.plist */ = {isa = PBXFileReference; lastKnownFileType = text.plist.xml; path = "AdHocInventory-Info.plist"; sourceTree = "<group>"; };
		8E4B35C71999A53E0083D367 /* en */ = {isa = PBXFileReference; lastKnownFileType = text.plist.strings; name = en; path = en.lproj/InfoPlist.strings; sourceTree = "<group>"; };
		8E4B35C91999A53E0083D367 /* main.m */ = {isa = PBXFileReference; lastKnownFileType = sourcecode.c.objc; path = main.m; sourceTree = "<group>"; };
		8E4B35CB1999A53E0083D367 /* AdHocInventory-Prefix.pch */ = {isa = PBXFileReference; lastKnownFileType = sourcecode.c.h; path = "AdHocInventory-Prefix.pch"; sourceTree = "<group>"; };
		8E4B35CC1999A53E0083D367 /* AppDelegate.h */ = {isa = PBXFileReference; lastKnownFileType = sourcecode.c.h; path = AppDelegate.h; sourceTree = "<group>"; };
		8E4B35CD1999A53E0083D367 /* AppDelegate.m */ = {isa = PBXFileReference; lastKnownFileType = sourcecode.c.objc; path = AppDelegate.m; sourceTree = "<group>"; };
		8E4B35D01999A53F0083D367 /* Base */ = {isa = PBXFileReference; lastKnownFileType = file.storyboard; name = Base; path = Base.lproj/Main_iPhone.storyboard; sourceTree = "<group>"; };
		8E4B35D31999A53F0083D367 /* Base */ = {isa = PBXFileReference; lastKnownFileType = file.storyboard; name = Base; path = Base.lproj/Main_iPad.storyboard; sourceTree = "<group>"; };
		8E4B35D51999A53F0083D367 /* InputViewController.h */ = {isa = PBXFileReference; lastKnownFileType = sourcecode.c.h; path = InputViewController.h; sourceTree = "<group>"; };
		8E4B35D61999A53F0083D367 /* InputViewController.m */ = {isa = PBXFileReference; lastKnownFileType = sourcecode.c.objc; path = InputViewController.m; sourceTree = "<group>"; };
		8E4B35D81999A53F0083D367 /* ScanViewController.h */ = {isa = PBXFileReference; lastKnownFileType = sourcecode.c.h; path = ScanViewController.h; sourceTree = "<group>"; };
		8E4B35D91999A53F0083D367 /* ScanViewController.m */ = {isa = PBXFileReference; lastKnownFileType = sourcecode.c.objc; path = ScanViewController.m; sourceTree = "<group>"; };
		8E4B35DB1999A53F0083D367 /* Images.xcassets */ = {isa = PBXFileReference; lastKnownFileType = folder.assetcatalog; path = Images.xcassets; sourceTree = "<group>"; };
		8E4B35E11999A53F0083D367 /* AdHocInventoryTests.xctest */ = {isa = PBXFileReference; explicitFileType = wrapper.cfbundle; includeInIndex = 0; path = AdHocInventoryTests.xctest; sourceTree = BUILT_PRODUCTS_DIR; };
		8E4B35E21999A53F0083D367 /* XCTest.framework */ = {isa = PBXFileReference; lastKnownFileType = wrapper.framework; name = XCTest.framework; path = Library/Frameworks/XCTest.framework; sourceTree = DEVELOPER_DIR; };
		8E4B35EA1999A53F0083D367 /* AdHocInventoryTests-Info.plist */ = {isa = PBXFileReference; lastKnownFileType = text.plist.xml; path = "AdHocInventoryTests-Info.plist"; sourceTree = "<group>"; };
		8E4B35EC1999A53F0083D367 /* en */ = {isa = PBXFileReference; lastKnownFileType = text.plist.strings; name = en; path = en.lproj/InfoPlist.strings; sourceTree = "<group>"; };
		8E4B35EE1999A53F0083D367 /* AdHocInventoryTests.m */ = {isa = PBXFileReference; lastKnownFileType = sourcecode.c.objc; path = AdHocInventoryTests.m; sourceTree = "<group>"; };
		8E4B35F81999B9AF0083D367 /* libsqlite3.dylib */ = {isa = PBXFileReference; lastKnownFileType = "compiled.mach-o.dylib"; name = libsqlite3.dylib; path = usr/lib/libsqlite3.dylib; sourceTree = SDKROOT; };
		8E4B35FB1999B9F70083D367 /* InventoryDataManager.h */ = {isa = PBXFileReference; fileEncoding = 4; lastKnownFileType = sourcecode.c.h; path = InventoryDataManager.h; sourceTree = "<group>"; };
		8E4B35FC1999B9F70083D367 /* InventoryDataManager.m */ = {isa = PBXFileReference; fileEncoding = 4; lastKnownFileType = sourcecode.c.objc; path = InventoryDataManager.m; sourceTree = "<group>"; };
		8E50A5A819A2D4490034FF50 /* DismissSegue.h */ = {isa = PBXFileReference; fileEncoding = 4; lastKnownFileType = sourcecode.c.h; path = DismissSegue.h; sourceTree = "<group>"; };
		8E50A5A919A2D4490034FF50 /* DismissSegue.m */ = {isa = PBXFileReference; fileEncoding = 4; lastKnownFileType = sourcecode.c.objc; path = DismissSegue.m; sourceTree = "<group>"; };
		8E50A5AB19A3959A0034FF50 /* UIColor+RepurposeColors.h */ = {isa = PBXFileReference; fileEncoding = 4; lastKnownFileType = sourcecode.c.h; path = "UIColor+RepurposeColors.h"; sourceTree = "<group>"; };
		8E50A5AC19A3959A0034FF50 /* UIColor+RepurposeColors.m */ = {isa = PBXFileReference; fileEncoding = 4; lastKnownFileType = sourcecode.c.objc; path = "UIColor+RepurposeColors.m"; sourceTree = "<group>"; };
		8E83BEF5199C05D100A08BAE /* UIImage+NonInterpolatedImage.h */ = {isa = PBXFileReference; fileEncoding = 4; lastKnownFileType = sourcecode.c.h; path = "UIImage+NonInterpolatedImage.h"; sourceTree = "<group>"; };
		8E83BEF6199C05D100A08BAE /* UIImage+NonInterpolatedImage.m */ = {isa = PBXFileReference; fileEncoding = 4; lastKnownFileType = sourcecode.c.objc; path = "UIImage+NonInterpolatedImage.m"; sourceTree = "<group>"; };
		8E91C51219B0E6AF003E591E /* SignUpViewController.h */ = {isa = PBXFileReference; fileEncoding = 4; lastKnownFileType = sourcecode.c.h; path = SignUpViewController.h; sourceTree = "<group>"; };
		8E91C51319B0E6AF003E591E /* SignUpViewController.m */ = {isa = PBXFileReference; fileEncoding = 4; lastKnownFileType = sourcecode.c.objc; path = SignUpViewController.m; sourceTree = "<group>"; };
		8E91C51C19B0E828003E591E /* HTAutocompleteManager.h */ = {isa = PBXFileReference; fileEncoding = 4; lastKnownFileType = sourcecode.c.h; path = HTAutocompleteManager.h; sourceTree = "<group>"; };
		8E91C51D19B0E828003E591E /* HTAutocompleteManager.m */ = {isa = PBXFileReference; fileEncoding = 4; lastKnownFileType = sourcecode.c.objc; path = HTAutocompleteManager.m; sourceTree = "<group>"; };
		8EBE9E5E19AE50320037B356 /* Parse.framework */ = {isa = PBXFileReference; lastKnownFileType = wrapper.framework; path = Parse.framework; sourceTree = "<group>"; };
		8EBE9E6019AE50B70037B356 /* Bolts.framework */ = {isa = PBXFileReference; lastKnownFileType = wrapper.framework; path = Bolts.framework; sourceTree = "<group>"; };
		8ECD47F1199B0AC800480A4C /* BarcodeGenerator.h */ = {isa = PBXFileReference; fileEncoding = 4; lastKnownFileType = sourcecode.c.h; name = BarcodeGenerator.h; path = ../model/BarcodeGenerator.h; sourceTree = "<group>"; };
		8ECD47F2199B0AC800480A4C /* BarcodeGenerator.m */ = {isa = PBXFileReference; fileEncoding = 4; lastKnownFileType = sourcecode.c.objc; name = BarcodeGenerator.m; path = ../model/BarcodeGenerator.m; sourceTree = "<group>"; };
		A4F6515D4F9047208DC5D55B /* libPods-AdHocInventory.a */ = {isa = PBXFileReference; explicitFileType = archive.ar; includeInIndex = 0; path = "libPods-AdHocInventory.a"; sourceTree = BUILT_PRODUCTS_DIR; };
		E0F5B90A3CB641F09AB59623 /* Pods-AdHocInventory.xcconfig */ = {isa = PBXFileReference; includeInIndex = 1; lastKnownFileType = text.xcconfig; name = "Pods-AdHocInventory.xcconfig"; path = "Pods/Pods-AdHocInventory.xcconfig"; sourceTree = "<group>"; };
/* End PBXFileReference section */

/* Begin PBXFrameworksBuildPhase section */
		8E4B35B71999A53E0083D367 /* Frameworks */ = {
			isa = PBXFrameworksBuildPhase;
			buildActionMask = 2147483647;
			files = (
				8E14C01219A69520001E67DF /* Security.framework in Frameworks */,
				8E14C01019A694BD001E67DF /* Accounts.framework in Frameworks */,
				8E14C00319A6908E001E67DF /* AudioToolbox.framework in Frameworks */,
				8E14C00419A6908E001E67DF /* CFNetwork.framework in Frameworks */,
				8E4B35C01999A53E0083D367 /* CoreGraphics.framework in Frameworks */,
				8E14C00519A6908E001E67DF /* CoreLocation.framework in Frameworks */,
				8EBE9E5F19AE50320037B356 /* Parse.framework in Frameworks */,
				8E4B35BE1999A53E0083D367 /* Foundation.framework in Frameworks */,
				8E14C00619A6908E001E67DF /* libz.dylib in Frameworks */,
				8E14C00719A6908E001E67DF /* MobileCoreServices.framework in Frameworks */,
				8E14C00819A6908E001E67DF /* QuartzCore.framework in Frameworks */,
				8E14C00E19A69473001E67DF /* Social.framework in Frameworks */,
				8EBE9E6119AE50B70037B356 /* Bolts.framework in Frameworks */,
				8E14C00919A6908E001E67DF /* StoreKit.framework in Frameworks */,
				8E14C00A19A6908E001E67DF /* SystemConfiguration.framework in Frameworks */,
				8E4B35C21999A53E0083D367 /* UIKit.framework in Frameworks */,
				5F532C42DA60405F9E9E34F3 /* libPods-AdHocInventory.a in Frameworks */,
			);
			runOnlyForDeploymentPostprocessing = 0;
		};
		8E4B35DE1999A53F0083D367 /* Frameworks */ = {
			isa = PBXFrameworksBuildPhase;
			buildActionMask = 2147483647;
			files = (
				8E4B35E31999A53F0083D367 /* XCTest.framework in Frameworks */,
				8E4B35E51999A53F0083D367 /* UIKit.framework in Frameworks */,
				8E4B35E41999A53F0083D367 /* Foundation.framework in Frameworks */,
			);
			runOnlyForDeploymentPostprocessing = 0;
		};
/* End PBXFrameworksBuildPhase section */

/* Begin PBXGroup section */
		8E4B35B11999A53E0083D367 = {
			isa = PBXGroup;
			children = (
				8E4B35C31999A53E0083D367 /* AdHocInventory */,
				8E4B35E81999A53F0083D367 /* AdHocInventoryTests */,
				8E4B35BC1999A53E0083D367 /* Frameworks */,
				8E4B35BB1999A53E0083D367 /* Products */,
				E0F5B90A3CB641F09AB59623 /* Pods-AdHocInventory.xcconfig */,
			);
			sourceTree = "<group>";
		};
		8E4B35BB1999A53E0083D367 /* Products */ = {
			isa = PBXGroup;
			children = (
				8E4B35BA1999A53E0083D367 /* AdHocInventory.app */,
				8E4B35E11999A53F0083D367 /* AdHocInventoryTests.xctest */,
			);
			name = Products;
			sourceTree = "<group>";
		};
		8E4B35BC1999A53E0083D367 /* Frameworks */ = {
			isa = PBXGroup;
			children = (
				8EBE9E6019AE50B70037B356 /* Bolts.framework */,
				8EBE9E5E19AE50320037B356 /* Parse.framework */,
				8E14C01119A69520001E67DF /* Security.framework */,
				8E14C00F19A694BD001E67DF /* Accounts.framework */,
				8E14C00D19A69473001E67DF /* Social.framework */,
				8E14BFFB19A6908E001E67DF /* AudioToolbox.framework */,
				8E14BFFC19A6908E001E67DF /* CFNetwork.framework */,
				8E14BFFD19A6908E001E67DF /* CoreLocation.framework */,
				8E14BFFE19A6908E001E67DF /* libz.dylib */,
				8E14BFFF19A6908E001E67DF /* MobileCoreServices.framework */,
				8E14C00019A6908E001E67DF /* QuartzCore.framework */,
				8E14C00119A6908E001E67DF /* StoreKit.framework */,
				8E14C00219A6908E001E67DF /* SystemConfiguration.framework */,
				8E4B35F81999B9AF0083D367 /* libsqlite3.dylib */,
				8E4B35BD1999A53E0083D367 /* Foundation.framework */,
				8E4B35BF1999A53E0083D367 /* CoreGraphics.framework */,
				8E4B35C11999A53E0083D367 /* UIKit.framework */,
				8E4B35E21999A53F0083D367 /* XCTest.framework */,
				A4F6515D4F9047208DC5D55B /* libPods-AdHocInventory.a */,
			);
			name = Frameworks;
			sourceTree = "<group>";
		};
		8E4B35C31999A53E0083D367 /* AdHocInventory */ = {
			isa = PBXGroup;
			children = (
				8E91C51B19B0E828003E591E /* HTAutocomplete */,
				8E50A5A719A2D4030034FF50 /* ui */,
				8E83BEF1199C054600A08BAE /* barcodes */,
				8ECD47F0199B0AAD00480A4C /* model */,
				8E4B35FA1999B9F70083D367 /* datebase */,
				8E4B35CC1999A53E0083D367 /* AppDelegate.h */,
				8E4B35CD1999A53E0083D367 /* AppDelegate.m */,
				8E4B35CF1999A53F0083D367 /* Main_iPhone.storyboard */,
				8E4B35D21999A53F0083D367 /* Main_iPad.storyboard */,
				8E4B35D51999A53F0083D367 /* InputViewController.h */,
				8E4B35D61999A53F0083D367 /* InputViewController.m */,
				8E294402199EF8220010A22A /* ItemViewController.h */,
				8E294403199EF8220010A22A /* ItemViewController.m */,
				8E1B4681199B29C4004F3740 /* ListViewController.h */,
				8E1B4682199B29C4004F3740 /* ListViewController.m */,
				8E4B35D81999A53F0083D367 /* ScanViewController.h */,
				8E4B35D91999A53F0083D367 /* ScanViewController.m */,
				8E4B35DB1999A53F0083D367 /* Images.xcassets */,
				8E4B35C41999A53E0083D367 /* Supporting Files */,
			);
			path = AdHocInventory;
			sourceTree = "<group>";
		};
		8E4B35C41999A53E0083D367 /* Supporting Files */ = {
			isa = PBXGroup;
			children = (
				8E14C00B19A69382001E67DF /* apiKeys.plist */,
				8E4B35C51999A53E0083D367 /* AdHocInventory-Info.plist */,
				8E4B35C61999A53E0083D367 /* InfoPlist.strings */,
				8E4B35C91999A53E0083D367 /* main.m */,
				8E4B35CB1999A53E0083D367 /* AdHocInventory-Prefix.pch */,
				8E26F17C19A7AF5700EB9C04 /* ParseDefinitions.h */,
				8E26F17D19A7AF5700EB9C04 /* ParseDefinitions.m */,
			);
			name = "Supporting Files";
			sourceTree = "<group>";
		};
		8E4B35E81999A53F0083D367 /* AdHocInventoryTests */ = {
			isa = PBXGroup;
			children = (
				8E4B35EE1999A53F0083D367 /* AdHocInventoryTests.m */,
				8E4B35E91999A53F0083D367 /* Supporting Files */,
			);
			path = AdHocInventoryTests;
			sourceTree = "<group>";
		};
		8E4B35E91999A53F0083D367 /* Supporting Files */ = {
			isa = PBXGroup;
			children = (
				8E4B35EA1999A53F0083D367 /* AdHocInventoryTests-Info.plist */,
				8E4B35EB1999A53F0083D367 /* InfoPlist.strings */,
			);
			name = "Supporting Files";
			sourceTree = "<group>";
		};
		8E4B35FA1999B9F70083D367 /* datebase */ = {
			isa = PBXGroup;
			children = (
				8E4B35FB1999B9F70083D367 /* InventoryDataManager.h */,
				8E4B35FC1999B9F70083D367 /* InventoryDataManager.m */,
			);
			path = datebase;
			sourceTree = "<group>";
		};
		8E50A5A719A2D4030034FF50 /* ui */ = {
			isa = PBXGroup;
			children = (
				8E50A5AB19A3959A0034FF50 /* UIColor+RepurposeColors.h */,
				8E50A5AC19A3959A0034FF50 /* UIColor+RepurposeColors.m */,
				8E50A5A819A2D4490034FF50 /* DismissSegue.h */,
				8E50A5A919A2D4490034FF50 /* DismissSegue.m */,
				8E91C51219B0E6AF003E591E /* SignUpViewController.h */,
				8E91C51319B0E6AF003E591E /* SignUpViewController.m */,
			);
			path = ui;
			sourceTree = "<group>";
		};
		8E83BEF1199C054600A08BAE /* barcodes */ = {
			isa = PBXGroup;
			children = (
				8E83BEF5199C05D100A08BAE /* UIImage+NonInterpolatedImage.h */,
				8E83BEF6199C05D100A08BAE /* UIImage+NonInterpolatedImage.m */,
				8ECD47F1199B0AC800480A4C /* BarcodeGenerator.h */,
				8ECD47F2199B0AC800480A4C /* BarcodeGenerator.m */,
			);
			path = barcodes;
			sourceTree = "<group>";
		};
		8E91C51B19B0E828003E591E /* HTAutocomplete */ = {
			isa = PBXGroup;
			children = (
				8E91C51C19B0E828003E591E /* HTAutocompleteManager.h */,
				8E91C51D19B0E828003E591E /* HTAutocompleteManager.m */,
			);
			path = HTAutocomplete;
			sourceTree = "<group>";
		};
		8ECD47F0199B0AAD00480A4C /* model */ = {
			isa = PBXGroup;
			children = (
				8E1B467E199B149B004F3740 /* InventoryItem.h */,
				8E1B467F199B149B004F3740 /* InventoryItem.m */,
			);
			path = model;
			sourceTree = "<group>";
		};
/* End PBXGroup section */

/* Begin PBXNativeTarget section */
		8E4B35B91999A53E0083D367 /* AdHocInventory */ = {
			isa = PBXNativeTarget;
			buildConfigurationList = 8E4B35F21999A53F0083D367 /* Build configuration list for PBXNativeTarget "AdHocInventory" */;
			buildPhases = (
				887A95A2C37641CEACA2F1F5 /* Check Pods Manifest.lock */,
				8E4B35B61999A53E0083D367 /* Sources */,
				8E4B35B71999A53E0083D367 /* Frameworks */,
				8E4B35B81999A53E0083D367 /* Resources */,
				2D23F6E900F745639444E061 /* Copy Pods Resources */,
			);
			buildRules = (
			);
			dependencies = (
			);
			name = AdHocInventory;
			productName = AdHocInventory;
			productReference = 8E4B35BA1999A53E0083D367 /* AdHocInventory.app */;
			productType = "com.apple.product-type.application";
		};
		8E4B35E01999A53F0083D367 /* AdHocInventoryTests */ = {
			isa = PBXNativeTarget;
			buildConfigurationList = 8E4B35F51999A53F0083D367 /* Build configuration list for PBXNativeTarget "AdHocInventoryTests" */;
			buildPhases = (
				8E4B35DD1999A53F0083D367 /* Sources */,
				8E4B35DE1999A53F0083D367 /* Frameworks */,
				8E4B35DF1999A53F0083D367 /* Resources */,
			);
			buildRules = (
			);
			dependencies = (
				8E4B35E71999A53F0083D367 /* PBXTargetDependency */,
			);
			name = AdHocInventoryTests;
			productName = AdHocInventoryTests;
			productReference = 8E4B35E11999A53F0083D367 /* AdHocInventoryTests.xctest */;
			productType = "com.apple.product-type.bundle.unit-test";
		};
/* End PBXNativeTarget section */

/* Begin PBXProject section */
		8E4B35B21999A53E0083D367 /* Project object */ = {
			isa = PBXProject;
			attributes = {
				LastUpgradeCheck = 0510;
				ORGANIZATIONNAME = "Assorted Intelligence";
				TargetAttributes = {
					8E4B35E01999A53F0083D367 = {
						TestTargetID = 8E4B35B91999A53E0083D367;
					};
				};
			};
			buildConfigurationList = 8E4B35B51999A53E0083D367 /* Build configuration list for PBXProject "AdHocInventory" */;
			compatibilityVersion = "Xcode 3.2";
			developmentRegion = English;
			hasScannedForEncodings = 0;
			knownRegions = (
				en,
				Base,
			);
			mainGroup = 8E4B35B11999A53E0083D367;
			productRefGroup = 8E4B35BB1999A53E0083D367 /* Products */;
			projectDirPath = "";
			projectRoot = "";
			targets = (
				8E4B35B91999A53E0083D367 /* AdHocInventory */,
				8E4B35E01999A53F0083D367 /* AdHocInventoryTests */,
			);
		};
/* End PBXProject section */

/* Begin PBXResourcesBuildPhase section */
		8E4B35B81999A53E0083D367 /* Resources */ = {
			isa = PBXResourcesBuildPhase;
			buildActionMask = 2147483647;
			files = (
				8E4B35D41999A53F0083D367 /* Main_iPad.storyboard in Resources */,
				8E14C00C19A69382001E67DF /* apiKeys.plist in Resources */,
				8E4B35DC1999A53F0083D367 /* Images.xcassets in Resources */,
				8E4B35D11999A53F0083D367 /* Main_iPhone.storyboard in Resources */,
				8E4B35C81999A53E0083D367 /* InfoPlist.strings in Resources */,
			);
			runOnlyForDeploymentPostprocessing = 0;
		};
		8E4B35DF1999A53F0083D367 /* Resources */ = {
			isa = PBXResourcesBuildPhase;
			buildActionMask = 2147483647;
			files = (
				8E4B35ED1999A53F0083D367 /* InfoPlist.strings in Resources */,
			);
			runOnlyForDeploymentPostprocessing = 0;
		};
/* End PBXResourcesBuildPhase section */

/* Begin PBXShellScriptBuildPhase section */
		2D23F6E900F745639444E061 /* Copy Pods Resources */ = {
			isa = PBXShellScriptBuildPhase;
			buildActionMask = 2147483647;
			files = (
			);
			inputPaths = (
			);
			name = "Copy Pods Resources";
			outputPaths = (
			);
			runOnlyForDeploymentPostprocessing = 0;
			shellPath = /bin/sh;
			shellScript = "\"${SRCROOT}/Pods/Pods-AdHocInventory-resources.sh\"\n";
			showEnvVarsInLog = 0;
		};
		887A95A2C37641CEACA2F1F5 /* Check Pods Manifest.lock */ = {
			isa = PBXShellScriptBuildPhase;
			buildActionMask = 2147483647;
			files = (
			);
			inputPaths = (
			);
			name = "Check Pods Manifest.lock";
			outputPaths = (
			);
			runOnlyForDeploymentPostprocessing = 0;
			shellPath = /bin/sh;
			shellScript = "diff \"${PODS_ROOT}/../Podfile.lock\" \"${PODS_ROOT}/Manifest.lock\" > /dev/null\nif [[ $? != 0 ]] ; then\n    cat << EOM\nerror: The sandbox is not in sync with the Podfile.lock. Run 'pod install' or update your CocoaPods installation.\nEOM\n    exit 1\nfi\n";
			showEnvVarsInLog = 0;
		};
/* End PBXShellScriptBuildPhase section */

/* Begin PBXSourcesBuildPhase section */
		8E4B35B61999A53E0083D367 /* Sources */ = {
			isa = PBXSourcesBuildPhase;
			buildActionMask = 2147483647;
			files = (
				8E4B35DA1999A53F0083D367 /* ScanViewController.m in Sources */,
				8E50A5AA19A2D4490034FF50 /* DismissSegue.m in Sources */,
				8E4B35CE1999A53E0083D367 /* AppDelegate.m in Sources */,
				8E1B4683199B29C4004F3740 /* ListViewController.m in Sources */,
				8ECD47F3199B0AC800480A4C /* BarcodeGenerator.m in Sources */,
				8E4B35D71999A53F0083D367 /* InputViewController.m in Sources */,
				8E4B35FD1999B9F70083D367 /* InventoryDataManager.m in Sources */,
				8E26F17E19A7AF5700EB9C04 /* ParseDefinitions.m in Sources */,
				8E50A5AD19A3959A0034FF50 /* UIColor+RepurposeColors.m in Sources */,
				8E83BEF7199C05D100A08BAE /* UIImage+NonInterpolatedImage.m in Sources */,
				8E91C51E19B0E828003E591E /* HTAutocompleteManager.m in Sources */,
				8E91C51419B0E6AF003E591E /* SignUpViewController.m in Sources */,
				8E294404199EF8220010A22A /* ItemViewController.m in Sources */,
				8E1B4680199B149B004F3740 /* InventoryItem.m in Sources */,
				8E4B35CA1999A53E0083D367 /* main.m in Sources */,
			);
			runOnlyForDeploymentPostprocessing = 0;
		};
		8E4B35DD1999A53F0083D367 /* Sources */ = {
			isa = PBXSourcesBuildPhase;
			buildActionMask = 2147483647;
			files = (
				8E4B35EF1999A53F0083D367 /* AdHocInventoryTests.m in Sources */,
			);
			runOnlyForDeploymentPostprocessing = 0;
		};
/* End PBXSourcesBuildPhase section */

/* Begin PBXTargetDependency section */
		8E4B35E71999A53F0083D367 /* PBXTargetDependency */ = {
			isa = PBXTargetDependency;
			target = 8E4B35B91999A53E0083D367 /* AdHocInventory */;
			targetProxy = 8E4B35E61999A53F0083D367 /* PBXContainerItemProxy */;
		};
/* End PBXTargetDependency section */

/* Begin PBXVariantGroup section */
		8E4B35C61999A53E0083D367 /* InfoPlist.strings */ = {
			isa = PBXVariantGroup;
			children = (
				8E4B35C71999A53E0083D367 /* en */,
			);
			name = InfoPlist.strings;
			sourceTree = "<group>";
		};
		8E4B35CF1999A53F0083D367 /* Main_iPhone.storyboard */ = {
			isa = PBXVariantGroup;
			children = (
				8E4B35D01999A53F0083D367 /* Base */,
			);
			name = Main_iPhone.storyboard;
			sourceTree = "<group>";
		};
		8E4B35D21999A53F0083D367 /* Main_iPad.storyboard */ = {
			isa = PBXVariantGroup;
			children = (
				8E4B35D31999A53F0083D367 /* Base */,
			);
			name = Main_iPad.storyboard;
			sourceTree = "<group>";
		};
		8E4B35EB1999A53F0083D367 /* InfoPlist.strings */ = {
			isa = PBXVariantGroup;
			children = (
				8E4B35EC1999A53F0083D367 /* en */,
			);
			name = InfoPlist.strings;
			sourceTree = "<group>";
		};
/* End PBXVariantGroup section */

/* Begin XCBuildConfiguration section */
		8E4B35F01999A53F0083D367 /* Debug */ = {
			isa = XCBuildConfiguration;
			buildSettings = {
				ALWAYS_SEARCH_USER_PATHS = NO;
				CLANG_CXX_LANGUAGE_STANDARD = "gnu++0x";
				CLANG_CXX_LIBRARY = "libc++";
				CLANG_ENABLE_MODULES = YES;
				CLANG_ENABLE_OBJC_ARC = YES;
				CLANG_WARN_BOOL_CONVERSION = YES;
				CLANG_WARN_CONSTANT_CONVERSION = YES;
				CLANG_WARN_DIRECT_OBJC_ISA_USAGE = YES_ERROR;
				CLANG_WARN_EMPTY_BODY = YES;
				CLANG_WARN_ENUM_CONVERSION = YES;
				CLANG_WARN_INT_CONVERSION = YES;
				CLANG_WARN_OBJC_ROOT_CLASS = YES_ERROR;
				CLANG_WARN__DUPLICATE_METHOD_MATCH = YES;
				"CODE_SIGN_IDENTITY[sdk=iphoneos*]" = "iPhone Developer";
				COPY_PHASE_STRIP = NO;
				GCC_C_LANGUAGE_STANDARD = gnu99;
				GCC_DYNAMIC_NO_PIC = NO;
				GCC_OPTIMIZATION_LEVEL = 0;
				GCC_PREPROCESSOR_DEFINITIONS = (
					"DEBUG=1",
					"$(inherited)",
				);
				GCC_SYMBOLS_PRIVATE_EXTERN = NO;
				GCC_WARN_64_TO_32_BIT_CONVERSION = YES;
				GCC_WARN_ABOUT_RETURN_TYPE = YES_ERROR;
				GCC_WARN_UNDECLARED_SELECTOR = YES;
				GCC_WARN_UNINITIALIZED_AUTOS = YES_AGGRESSIVE;
				GCC_WARN_UNUSED_FUNCTION = YES;
				GCC_WARN_UNUSED_VARIABLE = YES;
				IPHONEOS_DEPLOYMENT_TARGET = 7.1;
				ONLY_ACTIVE_ARCH = YES;
				SDKROOT = iphoneos;
				TARGETED_DEVICE_FAMILY = "1,2";
			};
			name = Debug;
		};
		8E4B35F11999A53F0083D367 /* Release */ = {
			isa = XCBuildConfiguration;
			buildSettings = {
				ALWAYS_SEARCH_USER_PATHS = NO;
				CLANG_CXX_LANGUAGE_STANDARD = "gnu++0x";
				CLANG_CXX_LIBRARY = "libc++";
				CLANG_ENABLE_MODULES = YES;
				CLANG_ENABLE_OBJC_ARC = YES;
				CLANG_WARN_BOOL_CONVERSION = YES;
				CLANG_WARN_CONSTANT_CONVERSION = YES;
				CLANG_WARN_DIRECT_OBJC_ISA_USAGE = YES_ERROR;
				CLANG_WARN_EMPTY_BODY = YES;
				CLANG_WARN_ENUM_CONVERSION = YES;
				CLANG_WARN_INT_CONVERSION = YES;
				CLANG_WARN_OBJC_ROOT_CLASS = YES_ERROR;
				CLANG_WARN__DUPLICATE_METHOD_MATCH = YES;
				"CODE_SIGN_IDENTITY[sdk=iphoneos*]" = "iPhone Developer";
				COPY_PHASE_STRIP = YES;
				ENABLE_NS_ASSERTIONS = NO;
				GCC_C_LANGUAGE_STANDARD = gnu99;
				GCC_WARN_64_TO_32_BIT_CONVERSION = YES;
				GCC_WARN_ABOUT_RETURN_TYPE = YES_ERROR;
				GCC_WARN_UNDECLARED_SELECTOR = YES;
				GCC_WARN_UNINITIALIZED_AUTOS = YES_AGGRESSIVE;
				GCC_WARN_UNUSED_FUNCTION = YES;
				GCC_WARN_UNUSED_VARIABLE = YES;
				IPHONEOS_DEPLOYMENT_TARGET = 7.1;
				SDKROOT = iphoneos;
				TARGETED_DEVICE_FAMILY = "1,2";
				VALIDATE_PRODUCT = YES;
			};
			name = Release;
		};
		8E4B35F31999A53F0083D367 /* Debug */ = {
			isa = XCBuildConfiguration;
			baseConfigurationReference = E0F5B90A3CB641F09AB59623 /* Pods-AdHocInventory.xcconfig */;
			buildSettings = {
				ASSETCATALOG_COMPILER_APPICON_NAME = AppIcon;
				ASSETCATALOG_COMPILER_LAUNCHIMAGE_NAME = LaunchImage;
				FRAMEWORK_SEARCH_PATHS = (
					"$(inherited)",
					/Users/Bowicz/Code,
					Projects,
					"$(PROJECT_DIR)",
				);
				GCC_PRECOMPILE_PREFIX_HEADER = YES;
				GCC_PREFIX_HEADER = "AdHocInventory/AdHocInventory-Prefix.pch";
				INFOPLIST_FILE = "AdHocInventory/AdHocInventory-Info.plist";
				PRODUCT_NAME = "$(TARGET_NAME)";
				WRAPPER_EXTENSION = app;
			};
			name = Debug;
		};
		8E4B35F41999A53F0083D367 /* Release */ = {
			isa = XCBuildConfiguration;
			baseConfigurationReference = E0F5B90A3CB641F09AB59623 /* Pods-AdHocInventory.xcconfig */;
			buildSettings = {
				ASSETCATALOG_COMPILER_APPICON_NAME = AppIcon;
				ASSETCATALOG_COMPILER_LAUNCHIMAGE_NAME = LaunchImage;
				FRAMEWORK_SEARCH_PATHS = (
					"$(inherited)",
					/Users/Bowicz/Code,
					Projects,
					"$(PROJECT_DIR)",
				);
				GCC_PRECOMPILE_PREFIX_HEADER = YES;
				GCC_PREFIX_HEADER = "AdHocInventory/AdHocInventory-Prefix.pch";
				INFOPLIST_FILE = "AdHocInventory/AdHocInventory-Info.plist";
				PRODUCT_NAME = "$(TARGET_NAME)";
				WRAPPER_EXTENSION = app;
			};
			name = Release;
		};
		8E4B35F61999A53F0083D367 /* Debug */ = {
			isa = XCBuildConfiguration;
			buildSettings = {
				BUNDLE_LOADER = "$(BUILT_PRODUCTS_DIR)/AdHocInventory.app/AdHocInventory";
				FRAMEWORK_SEARCH_PATHS = (
					"$(SDKROOT)/Developer/Library/Frameworks",
					"$(inherited)",
					"$(DEVELOPER_FRAMEWORKS_DIR)",
				);
				GCC_PRECOMPILE_PREFIX_HEADER = YES;
				GCC_PREFIX_HEADER = "AdHocInventory/AdHocInventory-Prefix.pch";
				GCC_PREPROCESSOR_DEFINITIONS = (
					"DEBUG=1",
					"$(inherited)",
				);
				INFOPLIST_FILE = "AdHocInventoryTests/AdHocInventoryTests-Info.plist";
				PRODUCT_NAME = "$(TARGET_NAME)";
				TEST_HOST = "$(BUNDLE_LOADER)";
				WRAPPER_EXTENSION = xctest;
			};
			name = Debug;
		};
		8E4B35F71999A53F0083D367 /* Release */ = {
			isa = XCBuildConfiguration;
			buildSettings = {
				BUNDLE_LOADER = "$(BUILT_PRODUCTS_DIR)/AdHocInventory.app/AdHocInventory";
				FRAMEWORK_SEARCH_PATHS = (
					"$(SDKROOT)/Developer/Library/Frameworks",
					"$(inherited)",
					"$(DEVELOPER_FRAMEWORKS_DIR)",
				);
				GCC_PRECOMPILE_PREFIX_HEADER = YES;
				GCC_PREFIX_HEADER = "AdHocInventory/AdHocInventory-Prefix.pch";
				INFOPLIST_FILE = "AdHocInventoryTests/AdHocInventoryTests-Info.plist";
				PRODUCT_NAME = "$(TARGET_NAME)";
				TEST_HOST = "$(BUNDLE_LOADER)";
				WRAPPER_EXTENSION = xctest;
			};
			name = Release;
		};
/* End XCBuildConfiguration section */

/* Begin XCConfigurationList section */
		8E4B35B51999A53E0083D367 /* Build configuration list for PBXProject "AdHocInventory" */ = {
			isa = XCConfigurationList;
			buildConfigurations = (
				8E4B35F01999A53F0083D367 /* Debug */,
				8E4B35F11999A53F0083D367 /* Release */,
			);
			defaultConfigurationIsVisible = 0;
			defaultConfigurationName = Release;
		};
		8E4B35F21999A53F0083D367 /* Build configuration list for PBXNativeTarget "AdHocInventory" */ = {
			isa = XCConfigurationList;
			buildConfigurations = (
				8E4B35F31999A53F0083D367 /* Debug */,
				8E4B35F41999A53F0083D367 /* Release */,
			);
			defaultConfigurationIsVisible = 0;
			defaultConfigurationName = Release;
		};
		8E4B35F51999A53F0083D367 /* Build configuration list for PBXNativeTarget "AdHocInventoryTests" */ = {
			isa = XCConfigurationList;
			buildConfigurations = (
				8E4B35F61999A53F0083D367 /* Debug */,
				8E4B35F71999A53F0083D367 /* Release */,
			);
			defaultConfigurationIsVisible = 0;
			defaultConfigurationName = Release;
		};
/* End XCConfigurationList section */
	};
	rootObject = 8E4B35B21999A53E0083D367 /* Project object */;
}
